
Microsoft Visual Studio Solution File, Format Version 12.00
# Visual Studio Version 17
VisualStudioVersion = 17.4.33213.308
MinimumVisualStudioVersion = 10.0.40219.1
Project("{FAE04EC0-301F-11D3-BF4B-00C04F79EFBC}") = "AdventOfCode05", "AdventOfCode05\AdventOfCode05.csproj", "{BAE98FAC-9689-4601-8B45-D66139C48504}"
EndProject
Global
	GlobalSection(SolutionConfigurationPlatforms) = preSolution
		Debug|Any CPU = Debug|Any CPU
		Release|Any CPU = Release|Any CPU
	EndGlobalSection
	GlobalSection(ProjectConfigurationPlatforms) = postSolution
		{BAE98FAC-9689-4601-8B45-D66139C48504}.Debug|Any CPU.ActiveCfg = Debug|Any CPU
		{BAE98FAC-9689-4601-8B45-D66139C48504}.Debug|Any CPU.Build.0 = Debug|Any CPU
		{BAE98FAC-9689-4601-8B45-D66139C48504}.Release|Any CPU.ActiveCfg = Release|Any CPU
		{BAE98FAC-9689-4601-8B45-D66139C48504}.Release|Any CPU.Build.0 = Release|Any CPU
	EndGlobalSection
	GlobalSection(SolutionProperties) = preSolution
		HideSolutionNode = FALSE
	EndGlobalSection
	GlobalSection(ExtensibilityGlobals) = postSolution
		SolutionGuid = {912A08F3-B929-4D4A-A790-9AB6067E0D55}
	EndGlobalSection
EndGlobal
