
Microsoft Visual Studio Solution File, Format Version 12.00
# Visual Studio Version 17
VisualStudioVersion = 17.4.33213.308
MinimumVisualStudioVersion = 10.0.40219.1
Project("{FAE04EC0-301F-11D3-BF4B-00C04F79EFBC}") = "AdventOfCode14", "AdventOfCode14\AdventOfCode14.csproj", "{B1DD2FCE-9E86-4F5D-92DA-67A9EC0D2040}"
EndProject
Global
	GlobalSection(SolutionConfigurationPlatforms) = preSolution
		Debug|Any CPU = Debug|Any CPU
		Release|Any CPU = Release|Any CPU
	EndGlobalSection
	GlobalSection(ProjectConfigurationPlatforms) = postSolution
		{B1DD2FCE-9E86-4F5D-92DA-67A9EC0D2040}.Debug|Any CPU.ActiveCfg = Debug|Any CPU
		{B1DD2FCE-9E86-4F5D-92DA-67A9EC0D2040}.Debug|Any CPU.Build.0 = Debug|Any CPU
		{B1DD2FCE-9E86-4F5D-92DA-67A9EC0D2040}.Release|Any CPU.ActiveCfg = Release|Any CPU
		{B1DD2FCE-9E86-4F5D-92DA-67A9EC0D2040}.Release|Any CPU.Build.0 = Release|Any CPU
	EndGlobalSection
	GlobalSection(SolutionProperties) = preSolution
		HideSolutionNode = FALSE
	EndGlobalSection
	GlobalSection(ExtensibilityGlobals) = postSolution
		SolutionGuid = {A7CA4307-0512-4193-8D2A-5D6D9D79A137}
	EndGlobalSection
EndGlobal
