
Microsoft Visual Studio Solution File, Format Version 12.00
# Visual Studio Version 17
VisualStudioVersion = 17.4.33213.308
MinimumVisualStudioVersion = 10.0.40219.1
Project("{FAE04EC0-301F-11D3-BF4B-00C04F79EFBC}") = "AdventOfCode12", "AdventOfCode12\AdventOfCode12.csproj", "{17F9CA7F-A777-4E68-9621-163780618852}"
EndProject
Global
	GlobalSection(SolutionConfigurationPlatforms) = preSolution
		Debug|Any CPU = Debug|Any CPU
		Release|Any CPU = Release|Any CPU
	EndGlobalSection
	GlobalSection(ProjectConfigurationPlatforms) = postSolution
		{17F9CA7F-A777-4E68-9621-163780618852}.Debug|Any CPU.ActiveCfg = Debug|Any CPU
		{17F9CA7F-A777-4E68-9621-163780618852}.Debug|Any CPU.Build.0 = Debug|Any CPU
		{17F9CA7F-A777-4E68-9621-163780618852}.Release|Any CPU.ActiveCfg = Release|Any CPU
		{17F9CA7F-A777-4E68-9621-163780618852}.Release|Any CPU.Build.0 = Release|Any CPU
	EndGlobalSection
	GlobalSection(SolutionProperties) = preSolution
		HideSolutionNode = FALSE
	EndGlobalSection
	GlobalSection(ExtensibilityGlobals) = postSolution
		SolutionGuid = {40B533B9-6819-43A7-9289-6A4DB244C76A}
	EndGlobalSection
EndGlobal
