
Microsoft Visual Studio Solution File, Format Version 12.00
# Visual Studio Version 17
VisualStudioVersion = 17.4.33213.308
MinimumVisualStudioVersion = 10.0.40219.1
Project("{FAE04EC0-301F-11D3-BF4B-00C04F79EFBC}") = "AdventOfCode08", "AdventOfCode08\AdventOfCode08.csproj", "{714EBD1D-4378-4865-91AE-3083F0CF24CF}"
EndProject
Global
	GlobalSection(SolutionConfigurationPlatforms) = preSolution
		Debug|Any CPU = Debug|Any CPU
		Release|Any CPU = Release|Any CPU
	EndGlobalSection
	GlobalSection(ProjectConfigurationPlatforms) = postSolution
		{714EBD1D-4378-4865-91AE-3083F0CF24CF}.Debug|Any CPU.ActiveCfg = Debug|Any CPU
		{714EBD1D-4378-4865-91AE-3083F0CF24CF}.Debug|Any CPU.Build.0 = Debug|Any CPU
		{714EBD1D-4378-4865-91AE-3083F0CF24CF}.Release|Any CPU.ActiveCfg = Release|Any CPU
		{714EBD1D-4378-4865-91AE-3083F0CF24CF}.Release|Any CPU.Build.0 = Release|Any CPU
	EndGlobalSection
	GlobalSection(SolutionProperties) = preSolution
		HideSolutionNode = FALSE
	EndGlobalSection
	GlobalSection(ExtensibilityGlobals) = postSolution
		SolutionGuid = {CC430D89-AFAA-4BC1-90FE-9EEE266819CB}
	EndGlobalSection
EndGlobal
