
Microsoft Visual Studio Solution File, Format Version 12.00
# Visual Studio Version 17
VisualStudioVersion = 17.4.33213.308
MinimumVisualStudioVersion = 10.0.40219.1
Project("{FAE04EC0-301F-11D3-BF4B-00C04F79EFBC}") = "AdventOfCode07", "AdventOfCode07\AdventOfCode07.csproj", "{69DD534D-97E5-432D-9AF2-6A3FF7C82043}"
EndProject
Global
	GlobalSection(SolutionConfigurationPlatforms) = preSolution
		Debug|Any CPU = Debug|Any CPU
		Release|Any CPU = Release|Any CPU
	EndGlobalSection
	GlobalSection(ProjectConfigurationPlatforms) = postSolution
		{69DD534D-97E5-432D-9AF2-6A3FF7C82043}.Debug|Any CPU.ActiveCfg = Debug|Any CPU
		{69DD534D-97E5-432D-9AF2-6A3FF7C82043}.Debug|Any CPU.Build.0 = Debug|Any CPU
		{69DD534D-97E5-432D-9AF2-6A3FF7C82043}.Release|Any CPU.ActiveCfg = Release|Any CPU
		{69DD534D-97E5-432D-9AF2-6A3FF7C82043}.Release|Any CPU.Build.0 = Release|Any CPU
	EndGlobalSection
	GlobalSection(SolutionProperties) = preSolution
		HideSolutionNode = FALSE
	EndGlobalSection
	GlobalSection(ExtensibilityGlobals) = postSolution
		SolutionGuid = {E128CEFC-21E0-456D-BF03-D1B4CC0D2B4E}
	EndGlobalSection
EndGlobal
