
Microsoft Visual Studio Solution File, Format Version 12.00
# Visual Studio Version 17
VisualStudioVersion = 17.4.33213.308
MinimumVisualStudioVersion = 10.0.40219.1
Project("{FAE04EC0-301F-11D3-BF4B-00C04F79EFBC}") = "AdventOfCode04", "AdventOfCode04\AdventOfCode04.csproj", "{15B54362-2A1A-46AA-B422-154A2C683968}"
EndProject
Global
	GlobalSection(SolutionConfigurationPlatforms) = preSolution
		Debug|Any CPU = Debug|Any CPU
		Release|Any CPU = Release|Any CPU
	EndGlobalSection
	GlobalSection(ProjectConfigurationPlatforms) = postSolution
		{15B54362-2A1A-46AA-B422-154A2C683968}.Debug|Any CPU.ActiveCfg = Debug|Any CPU
		{15B54362-2A1A-46AA-B422-154A2C683968}.Debug|Any CPU.Build.0 = Debug|Any CPU
		{15B54362-2A1A-46AA-B422-154A2C683968}.Release|Any CPU.ActiveCfg = Release|Any CPU
		{15B54362-2A1A-46AA-B422-154A2C683968}.Release|Any CPU.Build.0 = Release|Any CPU
	EndGlobalSection
	GlobalSection(SolutionProperties) = preSolution
		HideSolutionNode = FALSE
	EndGlobalSection
	GlobalSection(ExtensibilityGlobals) = postSolution
		SolutionGuid = {0478C131-9CC3-405E-961B-31450D96C589}
	EndGlobalSection
EndGlobal
